PODS:
  - Alamofire (4.5.1)
  - ASIOSObdSdk (1.0.2):
    - Alamofire (~> 4.5.0)
    - IKEventSource (~> 3.0.1)
    - Logging (~> 1.1)
    - SwiftyJSON (~> 4.2.0)
  - IKEventSource (3.0.1)
  - Logging (1.2.0)
  - ReSwift (5.0.0)
  - RxCocoa (5.1.1):
    - RxRelay (~> 5)
    - RxSwift (~> 5)
  - RxRelay (5.1.1):
    - RxSwift (~> 5)
  - RxSwift (5.1.1)
  - SwiftyJSON (4.2.0)

DEPENDENCIES:
  - ASIOSObdSdk (from `../`)
  - ReSwift (~> 5)
  - RxCocoa (~> 5)
  - RxSwift (~> 5)

SPEC REPOS:
  trunk:
    - Alamofire
    - IKEventSource
    - Logging
    - ReSwift
    - RxCocoa
    - RxRelay
    - RxSwift
    - SwiftyJSON

EXTERNAL SOURCES:
  ASIOSObdSdk:
    :path: "../"

SPEC CHECKSUMS:
  Alamofire: 2d95912bf4c34f164fdfc335872e8c312acaea4a
  ASIOSObdSdk: 72daa9cf2d98f93ca73cd7727810c62e63af7831
  IKEventSource: ababa323587c6b0c250dd54d4a48ab68fd845e8e
  Logging: 7838d379d234d7e5ae1265fa02804a9084caf04c
  ReSwift: 628f1a9b3ee52e3b3ca2a644435472fd77afafe1
  RxCocoa: 32065309a38d29b5b0db858819b5bf9ef038b601
  RxRelay: d77f7d771495f43c556cbc43eebd1bb54d01e8e9
  RxSwift: 81470a2074fa8780320ea5fe4102807cb7118178
  SwiftyJSON: c4bcba26dd9ec7a027fc8eade48e2c911f229e96

PODFILE CHECKSUM: 37897798a211054bc9c64c5ab7d42c7daca21b69

COCOAPODS: 1.9.1
