PODS:
  - ASIOSObdSdk (1.0.0):
    - IKEventSource (~> 3.0.1)
    - Logging (~> 1.1)
  - IKEventSource (3.0.1)
  - Logging (1.2.0)

DEPENDENCIES:
  - ASIOSObdSdk (from `../`)

SPEC REPOS:
  trunk:
    - IKEventSource
    - Logging

EXTERNAL SOURCES:
  ASIOSObdSdk:
    :path: "../"

SPEC CHECKSUMS:
  ASIOSObdSdk: 4515b0e2835d3fc3cf2cec4ba2b051a0dfc78224
  IKEventSource: ababa323587c6b0c250dd54d4a48ab68fd845e8e
  Logging: 7838d379d234d7e5ae1265fa02804a9084caf04c

PODFILE CHECKSUM: 496b17feb44470ad4eaf08a0d73e1b312ca94650

COCOAPODS: 1.8.4
